<?xml version="1.0" encoding="utf-8"?>
<Project ToolsVersion="4.0" xmlns="http://schemas.microsoft.com/developer/msbuild/2003">
  <ItemGroup>
    <Filter Include="Source Files">
      <UniqueIdentifier>{4FC737F1-C7A5-4376-A066-2A32D752A2FF}</UniqueIdentifier>
      <Extensions>cpp;c;cc;cxx;c++;cppm;ixx;def;odl;idl;hpj;bat;asm;asmx</Extensions>
    </Filter>
    <Filter Include="Header Files">
      <UniqueIdentifier>{93995380-89BD-4b04-88EB-625FBE52EBFB}</UniqueIdentifier>
      <Extensions>h;hh;hpp;hxx;h++;hm;inl;inc;ipp;xsd</Extensions>
    </Filter>
    <Filter Include="Resource Files">
      <UniqueIdentifier>{67DA6AB6-F800-4c08-8B7A-83BB121AAD01}</UniqueIdentifier>
      <Extensions>rc;ico;cur;bmp;dlg;rc2;rct;bin;rgs;gif;jpg;jpeg;jpe;resx;tiff;tif;png;wav;mfcribbon-ms</Extensions>
    </Filter>
    <Filter Include="Resource Files\imgui-docking">
      <UniqueIdentifier>{c8d2747c-cd0c-4623-b25c-30bd4afa714d}</UniqueIdentifier>
    </Filter>
    <Filter Include="Resource Files\fonts">
      <UniqueIdentifier>{facea102-1412-4773-a759-9975400bbe6c}</UniqueIdentifier>
    </Filter>
    <Filter Include="Resource Files\xxHash">
      <UniqueIdentifier>{e9ba2f2f-f86f-40da-83f6-d24defcd1024}</UniqueIdentifier>
    </Filter>
    <Filter Include="Resource Files\spdlog">
      <UniqueIdentifier>{05acbcbe-b432-4c75-8ac7-0c79b57f0c7a}</UniqueIdentifier>
    </Filter>
    <Filter Include="Resource Files\ImTerm">
      <UniqueIdentifier>{f1b459d9-9c39-4c53-b261-089735a7b742}</UniqueIdentifier>
    </Filter>
    <Filter Include="Resource Files\mINI">
      <UniqueIdentifier>{06f5fef4-7733-4bdb-9229-38ea69087e94}</UniqueIdentifier>
    </Filter>
  </ItemGroup>
  <ItemGroup>
    <ClCompile Include="src\main.cpp">
      <Filter>Source Files</Filter>
    </ClCompile>
    <ClCompile Include="dep\imgui-docking\imgui-docking\backends\imgui_impl_glfw.cpp">
      <Filter>Resource Files\imgui-docking</Filter>
    </ClCompile>
    <ClCompile Include="dep\imgui-docking\imgui-docking\backends\imgui_impl_opengl3.cpp">
      <Filter>Resource Files\imgui-docking</Filter>
    </ClCompile>
    <ClCompile Include="dep\imgui-docking\imgui-docking\imgui.cpp">
      <Filter>Resource Files\imgui-docking</Filter>
    </ClCompile>
    <ClCompile Include="dep\imgui-docking\imgui-docking\imgui_demo.cpp">
      <Filter>Resource Files\imgui-docking</Filter>
    </ClCompile>
    <ClCompile Include="dep\imgui-docking\imgui-docking\imgui_draw.cpp">
      <Filter>Resource Files\imgui-docking</Filter>
    </ClCompile>
    <ClCompile Include="dep\imgui-docking\imgui-docking\imgui_tables.cpp">
      <Filter>Resource Files\imgui-docking</Filter>
    </ClCompile>
    <ClCompile Include="dep\imgui-docking\imgui-docking\imgui_widgets.cpp">
      <Filter>Resource Files\imgui-docking</Filter>
    </ClCompile>
    <ClCompile Include="src\LocalClock.cpp">
      <Filter>Source Files</Filter>
    </ClCompile>
    <ClCompile Include="src\Panel.cpp">
      <Filter>Source Files</Filter>
    </ClCompile>
    <ClCompile Include="src\Application.cpp">
      <Filter>Source Files</Filter>
    </ClCompile>
    <ClCompile Include="src\HamTerminal.cpp">
      <Filter>Source Files</Filter>
    </ClCompile>
    <ClCompile Include="src\ConfigReader.cpp">
      <Filter>Source Files</Filter>
    </ClCompile>
  </ItemGroup>
  <ItemGroup>
    <ClInclude Include="dep\imgui-docking\imgui-docking\backends\imgui_impl_glfw.h">
      <Filter>Resource Files\imgui-docking</Filter>
    </ClInclude>
    <ClInclude Include="dep\imgui-docking\imgui-docking\backends\imgui_impl_opengl3.h">
      <Filter>Resource Files\imgui-docking</Filter>
    </ClInclude>
    <ClInclude Include="dep\imgui-docking\imgui-docking\backends\imgui_impl_opengl3_loader.h">
      <Filter>Resource Files\imgui-docking</Filter>
    </ClInclude>
    <ClInclude Include="dep\imgui-docking\imgui-docking\imgui.h">
      <Filter>Resource Files\imgui-docking</Filter>
    </ClInclude>
    <ClInclude Include="dep\imgui-docking\imgui-docking\imconfig.h">
      <Filter>Resource Files\imgui-docking</Filter>
    </ClInclude>
    <ClInclude Include="dep\imgui-docking\imgui-docking\imgui_internal.h">
      <Filter>Resource Files\imgui-docking</Filter>
    </ClInclude>
    <ClInclude Include="dep\imgui-docking\imgui-docking\imstb_rectpack.h">
      <Filter>Resource Files\imgui-docking</Filter>
    </ClInclude>
    <ClInclude Include="dep\imgui-docking\imgui-docking\imstb_textedit.h">
      <Filter>Resource Files\imgui-docking</Filter>
    </ClInclude>
    <ClInclude Include="dep\imgui-docking\imgui-docking\imstb_truetype.h">
      <Filter>Resource Files\imgui-docking</Filter>
    </ClInclude>
    <ClInclude Include="dep\glfw-3.3.8\glfw-3.3.8\deps\glad\gl.h">
      <Filter>Resource Files\imgui-docking</Filter>
    </ClInclude>
    <ClInclude Include="inc\Application.h">
      <Filter>Header Files</Filter>
    </ClInclude>
    <ClInclude Include="inc\Panel.h">
      <Filter>Header Files</Filter>
    </ClInclude>
    <ClInclude Include="inc\LocalClock.h">
      <Filter>Header Files</Filter>
    </ClInclude>
    <ClInclude Include="inc\Event.h">
      <Filter>Header Files</Filter>
    </ClInclude>
    <ClInclude Include="inc\EventManager.h">
      <Filter>Header Files</Filter>
    </ClInclude>
    <ClInclude Include="dep\fonts\static\Ruda-Bold.h">
      <Filter>Resource Files\fonts</Filter>
    </ClInclude>
    <ClInclude Include="dep\xxHash\xxHash32.h">
      <Filter>Resource Files\xxHash</Filter>
    </ClInclude>
    <ClInclude Include="dep\xxHash\xxHash64.h">
      <Filter>Resource Files\xxHash</Filter>
    </ClInclude>
    <ClInclude Include="inc\Hasher.h">
      <Filter>Header Files</Filter>
    </ClInclude>
    <ClInclude Include="dep\spdlog-1.x\spdlog-1.x\include\spdlog\spdlog.h">
      <Filter>Resource Files\spdlog</Filter>
    </ClInclude>
    <ClInclude Include="dep\spdlog-1.x\spdlog-1.x\include\spdlog\sinks\basic_file_sink.h">
      <Filter>Resource Files\spdlog</Filter>
    </ClInclude>
    <ClInclude Include="dep\spdlog-1.x\spdlog-1.x\include\spdlog\sinks\daily_file_sink.h">
      <Filter>Resource Files\spdlog</Filter>
    </ClInclude>
    <ClInclude Include="dep\spdlog-1.x\spdlog-1.x\include\spdlog\sinks\rotating_file_sink.h">
      <Filter>Resource Files\spdlog</Filter>
    </ClInclude>
    <ClInclude Include="dep\spdlog-1.x\spdlog-1.x\include\spdlog\sinks\stdout_color_sinks.h">
      <Filter>Resource Files\spdlog</Filter>
    </ClInclude>
    <ClInclude Include="dep\spdlog-1.x\spdlog-1.x\include\spdlog\stopwatch.h">
      <Filter>Resource Files\spdlog</Filter>
    </ClInclude>
    <ClInclude Include="dep\spdlog-1.x\spdlog-1.x\include\spdlog\fmt\bin_to_hex.h">
      <Filter>Resource Files\spdlog</Filter>
    </ClInclude>
    <ClInclude Include="dep\spdlog-1.x\spdlog-1.x\include\spdlog\pattern_formatter.h">
      <Filter>Resource Files\spdlog</Filter>
    </ClInclude>
    <ClInclude Include="dep\ImTerm-master\include\imterm\terminal.hpp">
      <Filter>Resource Files\ImTerm</Filter>
    </ClInclude>
    <ClInclude Include="inc\HamTerminal.h">
      <Filter>Header Files</Filter>
    </ClInclude>
    <ClInclude Include="dep\ImTerm-master\include\imterm\misc.hpp">
      <Filter>Resource Files\ImTerm</Filter>
    </ClInclude>
    <ClInclude Include="dep\ImTerm-master\include\imterm\terminal_helpers.hpp">
      <Filter>Resource Files\ImTerm</Filter>
    </ClInclude>
    <ClInclude Include="dep\ImTerm-master\include\imterm\utils.hpp">
      <Filter>Resource Files\ImTerm</Filter>
    </ClInclude>
    <ClInclude Include="dep\mINI-master\src\mini\ini.h">
      <Filter>Resource Files\mINI</Filter>
    </ClInclude>
    <ClInclude Include="inc\ConfigReader.h">
      <Filter>Header Files</Filter>
    </ClInclude>
  </ItemGroup>
</Project>