
Microsoft Visual Studio Solution File, Format Version 12.00
# Visual Studio Version 17
VisualStudioVersion = 17.6.33829.357
MinimumVisualStudioVersion = 10.0.40219.1
Project("{8BC9CEB8-8B4A-11D0-8D11-00A0C91BC942}") = "HAMGui", "HAMGui\HAMGui.vcxproj", "{A67CC519-B73C-4993-8FF3-5E0C2930870B}"
EndProject
Global
	GlobalSection(SolutionConfigurationPlatforms) = preSolution
		Debug|x64 = Debug|x64
		Debug|x86 = Debug|x86
		Release|x64 = Release|x64
		Release|x86 = Release|x86
	EndGlobalSection
	GlobalSection(ProjectConfigurationPlatforms) = postSolution
		{A67CC519-B73C-4993-8FF3-5E0C2930870B}.Debug|x64.ActiveCfg = Debug|x64
		{A67CC519-B73C-4993-8FF3-5E0C2930870B}.Debug|x64.Build.0 = Debug|x64
		{A67CC519-B73C-4993-8FF3-5E0C2930870B}.Debug|x86.ActiveCfg = Debug|Win32
		{A67CC519-B73C-4993-8FF3-5E0C2930870B}.Debug|x86.Build.0 = Debug|Win32
		{A67CC519-B73C-4993-8FF3-5E0C2930870B}.Release|x64.ActiveCfg = Release|x64
		{A67CC519-B73C-4993-8FF3-5E0C2930870B}.Release|x64.Build.0 = Release|x64
		{A67CC519-B73C-4993-8FF3-5E0C2930870B}.Release|x86.ActiveCfg = Release|Win32
		{A67CC519-B73C-4993-8FF3-5E0C2930870B}.Release|x86.Build.0 = Release|Win32
	EndGlobalSection
	GlobalSection(SolutionProperties) = preSolution
		HideSolutionNode = FALSE
	EndGlobalSection
	GlobalSection(ExtensibilityGlobals) = postSolution
		SolutionGuid = {3FF50755-31AB-4338-BE7D-A982BFF248B3}
	EndGlobalSection
EndGlobal
